
Microsoft Visual Studio Solution File, Format Version 12.00
# Visual Studio Version 16
VisualStudioVersion = 16.0.31911.196
MinimumVisualStudioVersion = 10.0.40219.1
Project("{FAE04EC0-301F-11D3-BF4B-00C04F79EFBC}") = "DeliverableTwo", "DeliverableTwo\DeliverableTwo.csproj", "{D620BAD3-846D-454C-A792-D7AC90670534}"
EndProject
Global
	GlobalSection(SolutionConfigurationPlatforms) = preSolution
		Debug|Any CPU = Debug|Any CPU
		Release|Any CPU = Release|Any CPU
	EndGlobalSection
	GlobalSection(ProjectConfigurationPlatforms) = postSolution
		{D620BAD3-846D-454C-A792-D7AC90670534}.Debug|Any CPU.ActiveCfg = Debug|Any CPU
		{D620BAD3-846D-454C-A792-D7AC90670534}.Debug|Any CPU.Build.0 = Debug|Any CPU
		{D620BAD3-846D-454C-A792-D7AC90670534}.Release|Any CPU.ActiveCfg = Release|Any CPU
		{D620BAD3-846D-454C-A792-D7AC90670534}.Release|Any CPU.Build.0 = Release|Any CPU
	EndGlobalSection
	GlobalSection(SolutionProperties) = preSolution
		HideSolutionNode = FALSE
	EndGlobalSection
	GlobalSection(ExtensibilityGlobals) = postSolution
		SolutionGuid = {B630AC01-8BC6-4173-9FAF-10DF3B1CDA0F}
	EndGlobalSection
EndGlobal
